
Microsoft Visual Studio Solution File, Format Version 12.00
# Visual Studio Version 16
VisualStudioVersion = 16.0.30413.136
MinimumVisualStudioVersion = 10.0.40219.1
Project("{FAE04EC0-301F-11D3-BF4B-00C04F79EFBC}") = "BiqEquation", "BiqEquation.csproj", "{A8D651B4-95A7-4D7F-B206-733A6B3E5AB1}"
EndProject
Global
	GlobalSection(SolutionConfigurationPlatforms) = preSolution
		Debug|Any CPU = Debug|Any CPU
		Release|Any CPU = Release|Any CPU
	EndGlobalSection
	GlobalSection(ProjectConfigurationPlatforms) = postSolution
		{A8D651B4-95A7-4D7F-B206-733A6B3E5AB1}.Debug|Any CPU.ActiveCfg = Debug|Any CPU
		{A8D651B4-95A7-4D7F-B206-733A6B3E5AB1}.Debug|Any CPU.Build.0 = Debug|Any CPU
		{A8D651B4-95A7-4D7F-B206-733A6B3E5AB1}.Release|Any CPU.ActiveCfg = Release|Any CPU
		{A8D651B4-95A7-4D7F-B206-733A6B3E5AB1}.Release|Any CPU.Build.0 = Release|Any CPU
	EndGlobalSection
	GlobalSection(SolutionProperties) = preSolution
		HideSolutionNode = FALSE
	EndGlobalSection
	GlobalSection(ExtensibilityGlobals) = postSolution
		SolutionGuid = {477AB94D-95B7-43A3-AD6A-315F30E57C01}
	EndGlobalSection
EndGlobal
